
Microsoft Visual Studio Solution File, Format Version 12.00
# Visual Studio Version 17
VisualStudioVersion = 17.3.32819.101
MinimumVisualStudioVersion = 10.0.40219.1
Project("{FAE04EC0-301F-11D3-BF4B-00C04F79EFBC}") = "Shopping", "Shopping\Shopping.csproj", "{10CA731F-42AF-41FE-9EAC-C7171DEB5437}"
EndProject
Project("{E53339B2-1760-4266-BCC7-CA923CBCF16C}") = "docker-compose", "docker-compose.dcproj", "{65ACEF0A-AE4C-4D2B-9E1E-B4C0AD872C48}"
EndProject
Global
	GlobalSection(SolutionConfigurationPlatforms) = preSolution
		Debug|Any CPU = Debug|Any CPU
		Release|Any CPU = Release|Any CPU
	EndGlobalSection
	GlobalSection(ProjectConfigurationPlatforms) = postSolution
		{10CA731F-42AF-41FE-9EAC-C7171DEB5437}.Debug|Any CPU.ActiveCfg = Debug|Any CPU
		{10CA731F-42AF-41FE-9EAC-C7171DEB5437}.Debug|Any CPU.Build.0 = Debug|Any CPU
		{10CA731F-42AF-41FE-9EAC-C7171DEB5437}.Release|Any CPU.ActiveCfg = Release|Any CPU
		{10CA731F-42AF-41FE-9EAC-C7171DEB5437}.Release|Any CPU.Build.0 = Release|Any CPU
		{65ACEF0A-AE4C-4D2B-9E1E-B4C0AD872C48}.Debug|Any CPU.ActiveCfg = Debug|Any CPU
		{65ACEF0A-AE4C-4D2B-9E1E-B4C0AD872C48}.Debug|Any CPU.Build.0 = Debug|Any CPU
		{65ACEF0A-AE4C-4D2B-9E1E-B4C0AD872C48}.Release|Any CPU.ActiveCfg = Release|Any CPU
		{65ACEF0A-AE4C-4D2B-9E1E-B4C0AD872C48}.Release|Any CPU.Build.0 = Release|Any CPU
	EndGlobalSection
	GlobalSection(SolutionProperties) = preSolution
		HideSolutionNode = FALSE
	EndGlobalSection
	GlobalSection(ExtensibilityGlobals) = postSolution
		SolutionGuid = {D1BE78F8-766E-472E-97CD-BC4B654E077D}
	EndGlobalSection
EndGlobal
